PODS:
  - AFDateHelper (4.1.2)
  - Bolts/Tasks (1.8.4)
  - BonMot (4.3.1)
  - ChameleonFramework/Default (2.1.0)
  - ChameleonFramework/Swift (2.1.0):
    - ChameleonFramework/Default
  - Cosmos (8.0.2)
  - DZNEmptyDataSet (1.8.1)
  - EasyPeasy (1.4.2)
  - Eureka (2.0.1)
  - Font-Awesome-Swift (1.6.1)
  - LFTimePicker (0.3.2)
  - Parse (1.14.2):
    - Bolts/Tasks (~> 1.8)
  - SideMenu (2.3.0)
  - SwiftValidator (4.0.0)
  - TDBadgedCell (4.1.1)

DEPENDENCIES:
  - AFDateHelper (~> 4.1.2)
  - BonMot
  - ChameleonFramework/Swift (from `https://github.com/ViccAlexander/Chameleon.git`)
  - Cosmos (~> 8.0)
  - DZNEmptyDataSet
  - EasyPeasy
  - Eureka (~> 2.0)
  - Font-Awesome-Swift (~> 1.6.1)
  - LFTimePicker
  - Parse
  - SideMenu (~> 2.3.0)
  - SwiftValidator (from `https://github.com/jpotts18/SwiftValidator.git`, branch `master`)
  - TDBadgedCell (from `https://github.com/BendingUnit-22/TDBadgedCell.git`, branch `access_control`)

EXTERNAL SOURCES:
  ChameleonFramework:
    :git: https://github.com/ViccAlexander/Chameleon.git
  SwiftValidator:
    :branch: master
    :git: https://github.com/jpotts18/SwiftValidator.git
  TDBadgedCell:
    :branch: access_control
    :git: https://github.com/BendingUnit-22/TDBadgedCell.git

CHECKOUT OPTIONS:
  ChameleonFramework:
    :commit: acc480fbe023c6e5fe40f68593f4a70a8c4c7ad5
    :git: https://github.com/ViccAlexander/Chameleon.git
  SwiftValidator:
    :commit: 2a6c23ad9efd76127f6109445515cb9780e5ad92
    :git: https://github.com/jpotts18/SwiftValidator.git
  TDBadgedCell:
    :commit: 518e2fa544fdb6cad7c2f1f7d20798c83742f28b
    :git: https://github.com/BendingUnit-22/TDBadgedCell.git

SPEC CHECKSUMS:
  AFDateHelper: b19c83daa132e398b34fbea085a1554ce07adfe9
  Bolts: 8a7995239dbe724f9cba2248b766d48b7ebdd322
  BonMot: 043bb5a8834cc6d74e9d624742272b92385e0a27
  ChameleonFramework: d21a3cc247abfe5e37609a283a8238b03575cf64
  Cosmos: 007c0b8e33a85e5363911bdd933571bbe221f7ef
  DZNEmptyDataSet: 9525833b9e68ac21c30253e1d3d7076cc828eaa7
  EasyPeasy: 50e7130b61f495ce105796e438d4136e2c8d2cc0
  Eureka: ae837bb1dfae0c07bc1bda7aeef87876eeb537c2
  Font-Awesome-Swift: 70ab020f6749d7048bb49807c3e78b702d78afca
  LFTimePicker: 2a0b15e35652f87299941ddb1f22a16fae30f1df
  Parse: 4335d65f40cb3d43190d723144bbe1afb9c38230
  SideMenu: 43d092cf615cf472f105c5b9867a21beff9fc269
  SwiftValidator: 25ded5ca1f10c05adf57f6ac82a72d28ac8d91af
  TDBadgedCell: 7b81a9f1464c842083e60d39251a424f93abf7c1

PODFILE CHECKSUM: 8a7a80a472a5c37b31505d5766293d91c1857c0c

COCOAPODS: 1.2.0
