PODS:
  - AFDateHelper (4.1.2)
  - Bolts/Tasks (1.8.4)
  - ChameleonFramework/Default (2.1.0)
  - ChameleonFramework/Swift (2.1.0):
    - ChameleonFramework/Default
  - Cosmos (8.0.2)
  - DZNEmptyDataSet (1.8.1)
  - EasyPeasy (1.4.1)
  - Eureka (2.0.1)
  - FoldingCell (2.0.3)
  - Font-Awesome-Swift (1.6.1)
  - Parse (1.14.2):
    - Bolts/Tasks (~> 1.8)
  - SideMenu (2.3.0)
  - SwiftIconFont (2.6.0)
  - SwiftValidator (4.0.0)

DEPENDENCIES:
  - AFDateHelper (~> 4.1.2)
  - ChameleonFramework/Swift (from `https://github.com/ViccAlexander/Chameleon.git`)
  - Cosmos (~> 8.0)
  - DZNEmptyDataSet
  - EasyPeasy
  - Eureka (~> 2.0)
  - FoldingCell (~> 2.0.3)
  - Font-Awesome-Swift (~> 1.6.1)
  - Parse
  - SideMenu (~> 2.3.0)
  - SwiftIconFont
  - SwiftValidator (from `https://github.com/jpotts18/SwiftValidator.git`, branch `master`)

EXTERNAL SOURCES:
  ChameleonFramework:
    :git: https://github.com/ViccAlexander/Chameleon.git
  SwiftValidator:
    :branch: master
    :git: https://github.com/jpotts18/SwiftValidator.git

CHECKOUT OPTIONS:
  ChameleonFramework:
    :commit: acc480fbe023c6e5fe40f68593f4a70a8c4c7ad5
    :git: https://github.com/ViccAlexander/Chameleon.git
  SwiftValidator:
    :commit: 2a6c23ad9efd76127f6109445515cb9780e5ad92
    :git: https://github.com/jpotts18/SwiftValidator.git

SPEC CHECKSUMS:
  AFDateHelper: b19c83daa132e398b34fbea085a1554ce07adfe9
  Bolts: 8a7995239dbe724f9cba2248b766d48b7ebdd322
  ChameleonFramework: d21a3cc247abfe5e37609a283a8238b03575cf64
  Cosmos: 007c0b8e33a85e5363911bdd933571bbe221f7ef
  DZNEmptyDataSet: 9525833b9e68ac21c30253e1d3d7076cc828eaa7
  EasyPeasy: b8a2feebd47395aaf46bde178abcddd36c922d37
  Eureka: ae837bb1dfae0c07bc1bda7aeef87876eeb537c2
  FoldingCell: 2f3113051609167776743415fc00ed877ac6d62c
  Font-Awesome-Swift: 70ab020f6749d7048bb49807c3e78b702d78afca
  Parse: 4335d65f40cb3d43190d723144bbe1afb9c38230
  SideMenu: 43d092cf615cf472f105c5b9867a21beff9fc269
  SwiftIconFont: bbe1f32e1e16bac87dad8566afc80132cb8d072c
  SwiftValidator: 25ded5ca1f10c05adf57f6ac82a72d28ac8d91af

PODFILE CHECKSUM: 71dc6071669be05d9ce03a0c58dd95020988c13b

COCOAPODS: 1.2.0
